
Microsoft Visual Studio Solution File, Format Version 12.00
# Visual Studio Version 16
VisualStudioVersion = 16.0.30404.54
MinimumVisualStudioVersion = 10.0.40219.1
Project("{8BC9CEB8-8B4A-11D0-8D11-00A0C91BC942}") = "VVVVV", "winrt.vcxproj", "{92AC9E39-689A-4E67-9371-4F077EAC8C98}"
EndProject
Project("{8BC9CEB8-8B4A-11D0-8D11-00A0C91BC942}") = "SDL2-UWP", "externals\SDL2\VisualC-WinRT\UWP_VS2015\SDL-UWP.vcxproj", "{89E9B32E-A86A-47C3-A948-D2B1622925CE}"
EndProject
Project("{8BC9CEB8-8B4A-11D0-8D11-00A0C91BC942}") = "SDL2_mixer-UWP", "externals\SDL2_mixer-2.0.4\VisualC-WinRT\UWP_VS2015\SDL_mixer-UWP.vcxproj", "{18665277-E558-4484-93F4-E4DC7BB614CB}"
EndProject
Project("{8BC9CEB8-8B4A-11D0-8D11-00A0C91BC942}") = "libogg_dynamic-UWP", "externals\SDL2_mixer-2.0.4\VisualC-WinRT\UWP_VS2015\libogg_dynamic-UWP.vcxproj", "{B14F8B7F-C9FF-4FD3-B328-7C68AB801E85}"
EndProject
Project("{8BC9CEB8-8B4A-11D0-8D11-00A0C91BC942}") = "libvorbis_dynamic-UWP", "externals\SDL2_mixer-2.0.4\VisualC-WinRT\UWP_VS2015\libvorbis_dynamic-UWP.vcxproj", "{6B6C1F59-6A82-4097-8907-04DF5C95D014}"
EndProject
Project("{8BC9CEB8-8B4A-11D0-8D11-00A0C91BC942}") = "libvorbisfile_dynamic-UWP", "externals\SDL2_mixer-2.0.4\VisualC-WinRT\UWP_VS2015\libvorbisfile_dynamic-UWP.vcxproj", "{70EF3B8F-6AAF-401B-9818-3371E950E73C}"
EndProject
Global
	GlobalSection(SolutionConfigurationPlatforms) = preSolution
		Debug|ARM = Debug|ARM
		Debug|ARM64 = Debug|ARM64
		Debug|x64 = Debug|x64
		Debug|x86 = Debug|x86
		Debug-Dll|ARM = Debug-Dll|ARM
		Debug-Dll|ARM64 = Debug-Dll|ARM64
		Debug-Dll|x64 = Debug-Dll|x64
		Debug-Dll|x86 = Debug-Dll|x86
		Debug-Lib|ARM = Debug-Lib|ARM
		Debug-Lib|ARM64 = Debug-Lib|ARM64
		Debug-Lib|x64 = Debug-Lib|x64
		Debug-Lib|x86 = Debug-Lib|x86
		Release|ARM = Release|ARM
		Release|ARM64 = Release|ARM64
		Release|x64 = Release|x64
		Release|x86 = Release|x86
		Release-Dll|ARM = Release-Dll|ARM
		Release-Dll|ARM64 = Release-Dll|ARM64
		Release-Dll|x64 = Release-Dll|x64
		Release-Dll|x86 = Release-Dll|x86
		Release-Lib|ARM = Release-Lib|ARM
		Release-Lib|ARM64 = Release-Lib|ARM64
		Release-Lib|x64 = Release-Lib|x64
		Release-Lib|x86 = Release-Lib|x86
	EndGlobalSection
	GlobalSection(ProjectConfigurationPlatforms) = postSolution
		{92AC9E39-689A-4E67-9371-4F077EAC8C98}.Debug|ARM.ActiveCfg = Debug|ARM
		{92AC9E39-689A-4E67-9371-4F077EAC8C98}.Debug|ARM.Build.0 = Debug|ARM
		{92AC9E39-689A-4E67-9371-4F077EAC8C98}.Debug|ARM.Deploy.0 = Debug|ARM
		{92AC9E39-689A-4E67-9371-4F077EAC8C98}.Debug|ARM64.ActiveCfg = Debug|ARM64
		{92AC9E39-689A-4E67-9371-4F077EAC8C98}.Debug|ARM64.Build.0 = Debug|ARM64
		{92AC9E39-689A-4E67-9371-4F077EAC8C98}.Debug|ARM64.Deploy.0 = Debug|ARM64
		{92AC9E39-689A-4E67-9371-4F077EAC8C98}.Debug|x64.ActiveCfg = Debug|x64
		{92AC9E39-689A-4E67-9371-4F077EAC8C98}.Debug|x64.Build.0 = Debug|x64
		{92AC9E39-689A-4E67-9371-4F077EAC8C98}.Debug|x64.Deploy.0 = Debug|x64
		{92AC9E39-689A-4E67-9371-4F077EAC8C98}.Debug|x86.ActiveCfg = Debug|Win32
		{92AC9E39-689A-4E67-9371-4F077EAC8C98}.Debug|x86.Build.0 = Debug|Win32
		{92AC9E39-689A-4E67-9371-4F077EAC8C98}.Debug|x86.Deploy.0 = Debug|Win32
		{92AC9E39-689A-4E67-9371-4F077EAC8C98}.Debug-Dll|ARM.ActiveCfg = Debug|ARM
		{92AC9E39-689A-4E67-9371-4F077EAC8C98}.Debug-Dll|ARM.Build.0 = Debug|ARM
		{92AC9E39-689A-4E67-9371-4F077EAC8C98}.Debug-Dll|ARM.Deploy.0 = Debug|ARM
		{92AC9E39-689A-4E67-9371-4F077EAC8C98}.Debug-Dll|ARM64.ActiveCfg = Debug|ARM64
		{92AC9E39-689A-4E67-9371-4F077EAC8C98}.Debug-Dll|ARM64.Build.0 = Debug|ARM64
		{92AC9E39-689A-4E67-9371-4F077EAC8C98}.Debug-Dll|ARM64.Deploy.0 = Debug|ARM64
		{92AC9E39-689A-4E67-9371-4F077EAC8C98}.Debug-Dll|x64.ActiveCfg = Debug|x64
		{92AC9E39-689A-4E67-9371-4F077EAC8C98}.Debug-Dll|x64.Build.0 = Debug|x64
		{92AC9E39-689A-4E67-9371-4F077EAC8C98}.Debug-Dll|x64.Deploy.0 = Debug|x64
		{92AC9E39-689A-4E67-9371-4F077EAC8C98}.Debug-Dll|x86.ActiveCfg = Debug|Win32
		{92AC9E39-689A-4E67-9371-4F077EAC8C98}.Debug-Dll|x86.Build.0 = Debug|Win32
		{92AC9E39-689A-4E67-9371-4F077EAC8C98}.Debug-Dll|x86.Deploy.0 = Debug|Win32
		{92AC9E39-689A-4E67-9371-4F077EAC8C98}.Debug-Lib|ARM.ActiveCfg = Debug|ARM
		{92AC9E39-689A-4E67-9371-4F077EAC8C98}.Debug-Lib|ARM.Build.0 = Debug|ARM
		{92AC9E39-689A-4E67-9371-4F077EAC8C98}.Debug-Lib|ARM.Deploy.0 = Debug|ARM
		{92AC9E39-689A-4E67-9371-4F077EAC8C98}.Debug-Lib|ARM64.ActiveCfg = Debug|ARM64
		{92AC9E39-689A-4E67-9371-4F077EAC8C98}.Debug-Lib|ARM64.Build.0 = Debug|ARM64
		{92AC9E39-689A-4E67-9371-4F077EAC8C98}.Debug-Lib|ARM64.Deploy.0 = Debug|ARM64
		{92AC9E39-689A-4E67-9371-4F077EAC8C98}.Debug-Lib|x64.ActiveCfg = Debug|x64
		{92AC9E39-689A-4E67-9371-4F077EAC8C98}.Debug-Lib|x64.Build.0 = Debug|x64
		{92AC9E39-689A-4E67-9371-4F077EAC8C98}.Debug-Lib|x64.Deploy.0 = Debug|x64
		{92AC9E39-689A-4E67-9371-4F077EAC8C98}.Debug-Lib|x86.ActiveCfg = Debug|Win32
		{92AC9E39-689A-4E67-9371-4F077EAC8C98}.Debug-Lib|x86.Build.0 = Debug|Win32
		{92AC9E39-689A-4E67-9371-4F077EAC8C98}.Debug-Lib|x86.Deploy.0 = Debug|Win32
		{92AC9E39-689A-4E67-9371-4F077EAC8C98}.Release|ARM.ActiveCfg = Release|ARM
		{92AC9E39-689A-4E67-9371-4F077EAC8C98}.Release|ARM.Build.0 = Release|ARM
		{92AC9E39-689A-4E67-9371-4F077EAC8C98}.Release|ARM.Deploy.0 = Release|ARM
		{92AC9E39-689A-4E67-9371-4F077EAC8C98}.Release|ARM64.ActiveCfg = Release|ARM64
		{92AC9E39-689A-4E67-9371-4F077EAC8C98}.Release|ARM64.Build.0 = Release|ARM64
		{92AC9E39-689A-4E67-9371-4F077EAC8C98}.Release|ARM64.Deploy.0 = Release|ARM64
		{92AC9E39-689A-4E67-9371-4F077EAC8C98}.Release|x64.ActiveCfg = Release|x64
		{92AC9E39-689A-4E67-9371-4F077EAC8C98}.Release|x64.Build.0 = Release|x64
		{92AC9E39-689A-4E67-9371-4F077EAC8C98}.Release|x64.Deploy.0 = Release|x64
		{92AC9E39-689A-4E67-9371-4F077EAC8C98}.Release|x86.ActiveCfg = Release|Win32
		{92AC9E39-689A-4E67-9371-4F077EAC8C98}.Release|x86.Build.0 = Release|Win32
		{92AC9E39-689A-4E67-9371-4F077EAC8C98}.Release|x86.Deploy.0 = Release|Win32
		{92AC9E39-689A-4E67-9371-4F077EAC8C98}.Release-Dll|ARM.ActiveCfg = Release|ARM
		{92AC9E39-689A-4E67-9371-4F077EAC8C98}.Release-Dll|ARM.Build.0 = Release|ARM
		{92AC9E39-689A-4E67-9371-4F077EAC8C98}.Release-Dll|ARM.Deploy.0 = Release|ARM
		{92AC9E39-689A-4E67-9371-4F077EAC8C98}.Release-Dll|ARM64.ActiveCfg = Release|ARM64
		{92AC9E39-689A-4E67-9371-4F077EAC8C98}.Release-Dll|ARM64.Build.0 = Release|ARM64
		{92AC9E39-689A-4E67-9371-4F077EAC8C98}.Release-Dll|ARM64.Deploy.0 = Release|ARM64
		{92AC9E39-689A-4E67-9371-4F077EAC8C98}.Release-Dll|x64.ActiveCfg = Release|x64
		{92AC9E39-689A-4E67-9371-4F077EAC8C98}.Release-Dll|x64.Build.0 = Release|x64
		{92AC9E39-689A-4E67-9371-4F077EAC8C98}.Release-Dll|x64.Deploy.0 = Release|x64
		{92AC9E39-689A-4E67-9371-4F077EAC8C98}.Release-Dll|x86.ActiveCfg = Release|Win32
		{92AC9E39-689A-4E67-9371-4F077EAC8C98}.Release-Dll|x86.Build.0 = Release|Win32
		{92AC9E39-689A-4E67-9371-4F077EAC8C98}.Release-Dll|x86.Deploy.0 = Release|Win32
		{92AC9E39-689A-4E67-9371-4F077EAC8C98}.Release-Lib|ARM.ActiveCfg = Release|ARM
		{92AC9E39-689A-4E67-9371-4F077EAC8C98}.Release-Lib|ARM.Build.0 = Release|ARM
		{92AC9E39-689A-4E67-9371-4F077EAC8C98}.Release-Lib|ARM.Deploy.0 = Release|ARM
		{92AC9E39-689A-4E67-9371-4F077EAC8C98}.Release-Lib|ARM64.ActiveCfg = Release|ARM64
		{92AC9E39-689A-4E67-9371-4F077EAC8C98}.Release-Lib|ARM64.Build.0 = Release|ARM64
		{92AC9E39-689A-4E67-9371-4F077EAC8C98}.Release-Lib|ARM64.Deploy.0 = Release|ARM64
		{92AC9E39-689A-4E67-9371-4F077EAC8C98}.Release-Lib|x64.ActiveCfg = Release|x64
		{92AC9E39-689A-4E67-9371-4F077EAC8C98}.Release-Lib|x64.Build.0 = Release|x64
		{92AC9E39-689A-4E67-9371-4F077EAC8C98}.Release-Lib|x64.Deploy.0 = Release|x64
		{92AC9E39-689A-4E67-9371-4F077EAC8C98}.Release-Lib|x86.ActiveCfg = Release|Win32
		{92AC9E39-689A-4E67-9371-4F077EAC8C98}.Release-Lib|x86.Build.0 = Release|Win32
		{92AC9E39-689A-4E67-9371-4F077EAC8C98}.Release-Lib|x86.Deploy.0 = Release|Win32
		{89E9B32E-A86A-47C3-A948-D2B1622925CE}.Debug|ARM.ActiveCfg = Debug|ARM
		{89E9B32E-A86A-47C3-A948-D2B1622925CE}.Debug|ARM.Build.0 = Debug|ARM
		{89E9B32E-A86A-47C3-A948-D2B1622925CE}.Debug|ARM64.ActiveCfg = Debug|Win32
		{89E9B32E-A86A-47C3-A948-D2B1622925CE}.Debug|x64.ActiveCfg = Debug|x64
		{89E9B32E-A86A-47C3-A948-D2B1622925CE}.Debug|x64.Build.0 = Debug|x64
		{89E9B32E-A86A-47C3-A948-D2B1622925CE}.Debug|x86.ActiveCfg = Debug|Win32
		{89E9B32E-A86A-47C3-A948-D2B1622925CE}.Debug|x86.Build.0 = Debug|Win32
		{89E9B32E-A86A-47C3-A948-D2B1622925CE}.Debug-Dll|ARM.ActiveCfg = Debug|ARM
		{89E9B32E-A86A-47C3-A948-D2B1622925CE}.Debug-Dll|ARM.Build.0 = Debug|ARM
		{89E9B32E-A86A-47C3-A948-D2B1622925CE}.Debug-Dll|ARM64.ActiveCfg = Release|x64
		{89E9B32E-A86A-47C3-A948-D2B1622925CE}.Debug-Dll|ARM64.Build.0 = Release|x64
		{89E9B32E-A86A-47C3-A948-D2B1622925CE}.Debug-Dll|x64.ActiveCfg = Debug|x64
		{89E9B32E-A86A-47C3-A948-D2B1622925CE}.Debug-Dll|x64.Build.0 = Debug|x64
		{89E9B32E-A86A-47C3-A948-D2B1622925CE}.Debug-Dll|x86.ActiveCfg = Debug|Win32
		{89E9B32E-A86A-47C3-A948-D2B1622925CE}.Debug-Dll|x86.Build.0 = Debug|Win32
		{89E9B32E-A86A-47C3-A948-D2B1622925CE}.Debug-Lib|ARM.ActiveCfg = Debug|ARM
		{89E9B32E-A86A-47C3-A948-D2B1622925CE}.Debug-Lib|ARM.Build.0 = Debug|ARM
		{89E9B32E-A86A-47C3-A948-D2B1622925CE}.Debug-Lib|ARM64.ActiveCfg = Release|x64
		{89E9B32E-A86A-47C3-A948-D2B1622925CE}.Debug-Lib|ARM64.Build.0 = Release|x64
		{89E9B32E-A86A-47C3-A948-D2B1622925CE}.Debug-Lib|x64.ActiveCfg = Debug|x64
		{89E9B32E-A86A-47C3-A948-D2B1622925CE}.Debug-Lib|x64.Build.0 = Debug|x64
		{89E9B32E-A86A-47C3-A948-D2B1622925CE}.Debug-Lib|x86.ActiveCfg = Debug|Win32
		{89E9B32E-A86A-47C3-A948-D2B1622925CE}.Debug-Lib|x86.Build.0 = Debug|Win32
		{89E9B32E-A86A-47C3-A948-D2B1622925CE}.Release|ARM.ActiveCfg = Release|ARM
		{89E9B32E-A86A-47C3-A948-D2B1622925CE}.Release|ARM.Build.0 = Release|ARM
		{89E9B32E-A86A-47C3-A948-D2B1622925CE}.Release|ARM64.ActiveCfg = Release|Win32
		{89E9B32E-A86A-47C3-A948-D2B1622925CE}.Release|x64.ActiveCfg = Release|x64
		{89E9B32E-A86A-47C3-A948-D2B1622925CE}.Release|x64.Build.0 = Release|x64
		{89E9B32E-A86A-47C3-A948-D2B1622925CE}.Release|x86.ActiveCfg = Release|Win32
		{89E9B32E-A86A-47C3-A948-D2B1622925CE}.Release|x86.Build.0 = Release|Win32
		{89E9B32E-A86A-47C3-A948-D2B1622925CE}.Release-Dll|ARM.ActiveCfg = Release|ARM
		{89E9B32E-A86A-47C3-A948-D2B1622925CE}.Release-Dll|ARM.Build.0 = Release|ARM
		{89E9B32E-A86A-47C3-A948-D2B1622925CE}.Release-Dll|ARM64.ActiveCfg = Release|x64
		{89E9B32E-A86A-47C3-A948-D2B1622925CE}.Release-Dll|ARM64.Build.0 = Release|x64
		{89E9B32E-A86A-47C3-A948-D2B1622925CE}.Release-Dll|x64.ActiveCfg = Release|x64
		{89E9B32E-A86A-47C3-A948-D2B1622925CE}.Release-Dll|x64.Build.0 = Release|x64
		{89E9B32E-A86A-47C3-A948-D2B1622925CE}.Release-Dll|x86.ActiveCfg = Release|Win32
		{89E9B32E-A86A-47C3-A948-D2B1622925CE}.Release-Dll|x86.Build.0 = Release|Win32
		{89E9B32E-A86A-47C3-A948-D2B1622925CE}.Release-Lib|ARM.ActiveCfg = Release|ARM
		{89E9B32E-A86A-47C3-A948-D2B1622925CE}.Release-Lib|ARM.Build.0 = Release|ARM
		{89E9B32E-A86A-47C3-A948-D2B1622925CE}.Release-Lib|ARM64.ActiveCfg = Release|x64
		{89E9B32E-A86A-47C3-A948-D2B1622925CE}.Release-Lib|ARM64.Build.0 = Release|x64
		{89E9B32E-A86A-47C3-A948-D2B1622925CE}.Release-Lib|x64.ActiveCfg = Release|x64
		{89E9B32E-A86A-47C3-A948-D2B1622925CE}.Release-Lib|x64.Build.0 = Release|x64
		{89E9B32E-A86A-47C3-A948-D2B1622925CE}.Release-Lib|x86.ActiveCfg = Release|Win32
		{89E9B32E-A86A-47C3-A948-D2B1622925CE}.Release-Lib|x86.Build.0 = Release|Win32
		{18665277-E558-4484-93F4-E4DC7BB614CB}.Debug|ARM.ActiveCfg = Debug|ARM
		{18665277-E558-4484-93F4-E4DC7BB614CB}.Debug|ARM.Build.0 = Debug|ARM
		{18665277-E558-4484-93F4-E4DC7BB614CB}.Debug|ARM64.ActiveCfg = Debug|Win32
		{18665277-E558-4484-93F4-E4DC7BB614CB}.Debug|x64.ActiveCfg = Debug|x64
		{18665277-E558-4484-93F4-E4DC7BB614CB}.Debug|x64.Build.0 = Debug|x64
		{18665277-E558-4484-93F4-E4DC7BB614CB}.Debug|x86.ActiveCfg = Debug|Win32
		{18665277-E558-4484-93F4-E4DC7BB614CB}.Debug|x86.Build.0 = Debug|Win32
		{18665277-E558-4484-93F4-E4DC7BB614CB}.Debug-Dll|ARM.ActiveCfg = Debug|ARM
		{18665277-E558-4484-93F4-E4DC7BB614CB}.Debug-Dll|ARM.Build.0 = Debug|ARM
		{18665277-E558-4484-93F4-E4DC7BB614CB}.Debug-Dll|ARM64.ActiveCfg = Release|x64
		{18665277-E558-4484-93F4-E4DC7BB614CB}.Debug-Dll|ARM64.Build.0 = Release|x64
		{18665277-E558-4484-93F4-E4DC7BB614CB}.Debug-Dll|x64.ActiveCfg = Debug|x64
		{18665277-E558-4484-93F4-E4DC7BB614CB}.Debug-Dll|x64.Build.0 = Debug|x64
		{18665277-E558-4484-93F4-E4DC7BB614CB}.Debug-Dll|x86.ActiveCfg = Debug|Win32
		{18665277-E558-4484-93F4-E4DC7BB614CB}.Debug-Dll|x86.Build.0 = Debug|Win32
		{18665277-E558-4484-93F4-E4DC7BB614CB}.Debug-Lib|ARM.ActiveCfg = Debug|ARM
		{18665277-E558-4484-93F4-E4DC7BB614CB}.Debug-Lib|ARM.Build.0 = Debug|ARM
		{18665277-E558-4484-93F4-E4DC7BB614CB}.Debug-Lib|ARM64.ActiveCfg = Release|x64
		{18665277-E558-4484-93F4-E4DC7BB614CB}.Debug-Lib|ARM64.Build.0 = Release|x64
		{18665277-E558-4484-93F4-E4DC7BB614CB}.Debug-Lib|x64.ActiveCfg = Debug|x64
		{18665277-E558-4484-93F4-E4DC7BB614CB}.Debug-Lib|x64.Build.0 = Debug|x64
		{18665277-E558-4484-93F4-E4DC7BB614CB}.Debug-Lib|x86.ActiveCfg = Debug|Win32
		{18665277-E558-4484-93F4-E4DC7BB614CB}.Debug-Lib|x86.Build.0 = Debug|Win32
		{18665277-E558-4484-93F4-E4DC7BB614CB}.Release|ARM.ActiveCfg = Release|ARM
		{18665277-E558-4484-93F4-E4DC7BB614CB}.Release|ARM.Build.0 = Release|ARM
		{18665277-E558-4484-93F4-E4DC7BB614CB}.Release|ARM64.ActiveCfg = Release|Win32
		{18665277-E558-4484-93F4-E4DC7BB614CB}.Release|x64.ActiveCfg = Release|x64
		{18665277-E558-4484-93F4-E4DC7BB614CB}.Release|x64.Build.0 = Release|x64
		{18665277-E558-4484-93F4-E4DC7BB614CB}.Release|x86.ActiveCfg = Release|Win32
		{18665277-E558-4484-93F4-E4DC7BB614CB}.Release|x86.Build.0 = Release|Win32
		{18665277-E558-4484-93F4-E4DC7BB614CB}.Release-Dll|ARM.ActiveCfg = Release|ARM
		{18665277-E558-4484-93F4-E4DC7BB614CB}.Release-Dll|ARM.Build.0 = Release|ARM
		{18665277-E558-4484-93F4-E4DC7BB614CB}.Release-Dll|ARM64.ActiveCfg = Release|x64
		{18665277-E558-4484-93F4-E4DC7BB614CB}.Release-Dll|ARM64.Build.0 = Release|x64
		{18665277-E558-4484-93F4-E4DC7BB614CB}.Release-Dll|x64.ActiveCfg = Release|x64
		{18665277-E558-4484-93F4-E4DC7BB614CB}.Release-Dll|x64.Build.0 = Release|x64
		{18665277-E558-4484-93F4-E4DC7BB614CB}.Release-Dll|x86.ActiveCfg = Release|Win32
		{18665277-E558-4484-93F4-E4DC7BB614CB}.Release-Dll|x86.Build.0 = Release|Win32
		{18665277-E558-4484-93F4-E4DC7BB614CB}.Release-Lib|ARM.ActiveCfg = Release|ARM
		{18665277-E558-4484-93F4-E4DC7BB614CB}.Release-Lib|ARM.Build.0 = Release|ARM
		{18665277-E558-4484-93F4-E4DC7BB614CB}.Release-Lib|ARM64.ActiveCfg = Release|x64
		{18665277-E558-4484-93F4-E4DC7BB614CB}.Release-Lib|ARM64.Build.0 = Release|x64
		{18665277-E558-4484-93F4-E4DC7BB614CB}.Release-Lib|x64.ActiveCfg = Release|x64
		{18665277-E558-4484-93F4-E4DC7BB614CB}.Release-Lib|x64.Build.0 = Release|x64
		{18665277-E558-4484-93F4-E4DC7BB614CB}.Release-Lib|x86.ActiveCfg = Release|Win32
		{18665277-E558-4484-93F4-E4DC7BB614CB}.Release-Lib|x86.Build.0 = Release|Win32
		{B14F8B7F-C9FF-4FD3-B328-7C68AB801E85}.Debug|ARM.ActiveCfg = Debug|ARM
		{B14F8B7F-C9FF-4FD3-B328-7C68AB801E85}.Debug|ARM.Build.0 = Debug|ARM
		{B14F8B7F-C9FF-4FD3-B328-7C68AB801E85}.Debug|ARM64.ActiveCfg = Debug|Win32
		{B14F8B7F-C9FF-4FD3-B328-7C68AB801E85}.Debug|x64.ActiveCfg = Debug|x64
		{B14F8B7F-C9FF-4FD3-B328-7C68AB801E85}.Debug|x64.Build.0 = Debug|x64
		{B14F8B7F-C9FF-4FD3-B328-7C68AB801E85}.Debug|x86.ActiveCfg = Debug|Win32
		{B14F8B7F-C9FF-4FD3-B328-7C68AB801E85}.Debug|x86.Build.0 = Debug|Win32
		{B14F8B7F-C9FF-4FD3-B328-7C68AB801E85}.Debug-Dll|ARM.ActiveCfg = Debug|ARM
		{B14F8B7F-C9FF-4FD3-B328-7C68AB801E85}.Debug-Dll|ARM.Build.0 = Debug|ARM
		{B14F8B7F-C9FF-4FD3-B328-7C68AB801E85}.Debug-Dll|ARM64.ActiveCfg = Release|x64
		{B14F8B7F-C9FF-4FD3-B328-7C68AB801E85}.Debug-Dll|ARM64.Build.0 = Release|x64
		{B14F8B7F-C9FF-4FD3-B328-7C68AB801E85}.Debug-Dll|x64.ActiveCfg = Debug|x64
		{B14F8B7F-C9FF-4FD3-B328-7C68AB801E85}.Debug-Dll|x64.Build.0 = Debug|x64
		{B14F8B7F-C9FF-4FD3-B328-7C68AB801E85}.Debug-Dll|x86.ActiveCfg = Debug|Win32
		{B14F8B7F-C9FF-4FD3-B328-7C68AB801E85}.Debug-Dll|x86.Build.0 = Debug|Win32
		{B14F8B7F-C9FF-4FD3-B328-7C68AB801E85}.Debug-Lib|ARM.ActiveCfg = Debug|ARM
		{B14F8B7F-C9FF-4FD3-B328-7C68AB801E85}.Debug-Lib|ARM.Build.0 = Debug|ARM
		{B14F8B7F-C9FF-4FD3-B328-7C68AB801E85}.Debug-Lib|ARM64.ActiveCfg = Release|x64
		{B14F8B7F-C9FF-4FD3-B328-7C68AB801E85}.Debug-Lib|ARM64.Build.0 = Release|x64
		{B14F8B7F-C9FF-4FD3-B328-7C68AB801E85}.Debug-Lib|x64.ActiveCfg = Debug|x64
		{B14F8B7F-C9FF-4FD3-B328-7C68AB801E85}.Debug-Lib|x64.Build.0 = Debug|x64
		{B14F8B7F-C9FF-4FD3-B328-7C68AB801E85}.Debug-Lib|x86.ActiveCfg = Debug|Win32
		{B14F8B7F-C9FF-4FD3-B328-7C68AB801E85}.Debug-Lib|x86.Build.0 = Debug|Win32
		{B14F8B7F-C9FF-4FD3-B328-7C68AB801E85}.Release|ARM.ActiveCfg = Release|ARM
		{B14F8B7F-C9FF-4FD3-B328-7C68AB801E85}.Release|ARM.Build.0 = Release|ARM
		{B14F8B7F-C9FF-4FD3-B328-7C68AB801E85}.Release|ARM64.ActiveCfg = Release|Win32
		{B14F8B7F-C9FF-4FD3-B328-7C68AB801E85}.Release|x64.ActiveCfg = Release|x64
		{B14F8B7F-C9FF-4FD3-B328-7C68AB801E85}.Release|x64.Build.0 = Release|x64
		{B14F8B7F-C9FF-4FD3-B328-7C68AB801E85}.Release|x86.ActiveCfg = Release|Win32
		{B14F8B7F-C9FF-4FD3-B328-7C68AB801E85}.Release|x86.Build.0 = Release|Win32
		{B14F8B7F-C9FF-4FD3-B328-7C68AB801E85}.Release-Dll|ARM.ActiveCfg = Release|ARM
		{B14F8B7F-C9FF-4FD3-B328-7C68AB801E85}.Release-Dll|ARM.Build.0 = Release|ARM
		{B14F8B7F-C9FF-4FD3-B328-7C68AB801E85}.Release-Dll|ARM64.ActiveCfg = Release|x64
		{B14F8B7F-C9FF-4FD3-B328-7C68AB801E85}.Release-Dll|ARM64.Build.0 = Release|x64
		{B14F8B7F-C9FF-4FD3-B328-7C68AB801E85}.Release-Dll|x64.ActiveCfg = Release|x64
		{B14F8B7F-C9FF-4FD3-B328-7C68AB801E85}.Release-Dll|x64.Build.0 = Release|x64
		{B14F8B7F-C9FF-4FD3-B328-7C68AB801E85}.Release-Dll|x86.ActiveCfg = Release|Win32
		{B14F8B7F-C9FF-4FD3-B328-7C68AB801E85}.Release-Dll|x86.Build.0 = Release|Win32
		{B14F8B7F-C9FF-4FD3-B328-7C68AB801E85}.Release-Lib|ARM.ActiveCfg = Release|ARM
		{B14F8B7F-C9FF-4FD3-B328-7C68AB801E85}.Release-Lib|ARM.Build.0 = Release|ARM
		{B14F8B7F-C9FF-4FD3-B328-7C68AB801E85}.Release-Lib|ARM64.ActiveCfg = Release|x64
		{B14F8B7F-C9FF-4FD3-B328-7C68AB801E85}.Release-Lib|ARM64.Build.0 = Release|x64
		{B14F8B7F-C9FF-4FD3-B328-7C68AB801E85}.Release-Lib|x64.ActiveCfg = Release|x64
		{B14F8B7F-C9FF-4FD3-B328-7C68AB801E85}.Release-Lib|x64.Build.0 = Release|x64
		{B14F8B7F-C9FF-4FD3-B328-7C68AB801E85}.Release-Lib|x86.ActiveCfg = Release|Win32
		{B14F8B7F-C9FF-4FD3-B328-7C68AB801E85}.Release-Lib|x86.Build.0 = Release|Win32
		{6B6C1F59-6A82-4097-8907-04DF5C95D014}.Debug|ARM.ActiveCfg = Debug|ARM
		{6B6C1F59-6A82-4097-8907-04DF5C95D014}.Debug|ARM.Build.0 = Debug|ARM
		{6B6C1F59-6A82-4097-8907-04DF5C95D014}.Debug|ARM64.ActiveCfg = Debug|Win32
		{6B6C1F59-6A82-4097-8907-04DF5C95D014}.Debug|x64.ActiveCfg = Debug|x64
		{6B6C1F59-6A82-4097-8907-04DF5C95D014}.Debug|x64.Build.0 = Debug|x64
		{6B6C1F59-6A82-4097-8907-04DF5C95D014}.Debug|x86.ActiveCfg = Debug|Win32
		{6B6C1F59-6A82-4097-8907-04DF5C95D014}.Debug|x86.Build.0 = Debug|Win32
		{6B6C1F59-6A82-4097-8907-04DF5C95D014}.Debug-Dll|ARM.ActiveCfg = Debug|ARM
		{6B6C1F59-6A82-4097-8907-04DF5C95D014}.Debug-Dll|ARM.Build.0 = Debug|ARM
		{6B6C1F59-6A82-4097-8907-04DF5C95D014}.Debug-Dll|ARM64.ActiveCfg = Release|x64
		{6B6C1F59-6A82-4097-8907-04DF5C95D014}.Debug-Dll|ARM64.Build.0 = Release|x64
		{6B6C1F59-6A82-4097-8907-04DF5C95D014}.Debug-Dll|x64.ActiveCfg = Debug|x64
		{6B6C1F59-6A82-4097-8907-04DF5C95D014}.Debug-Dll|x64.Build.0 = Debug|x64
		{6B6C1F59-6A82-4097-8907-04DF5C95D014}.Debug-Dll|x86.ActiveCfg = Debug|Win32
		{6B6C1F59-6A82-4097-8907-04DF5C95D014}.Debug-Dll|x86.Build.0 = Debug|Win32
		{6B6C1F59-6A82-4097-8907-04DF5C95D014}.Debug-Lib|ARM.ActiveCfg = Debug|ARM
		{6B6C1F59-6A82-4097-8907-04DF5C95D014}.Debug-Lib|ARM.Build.0 = Debug|ARM
		{6B6C1F59-6A82-4097-8907-04DF5C95D014}.Debug-Lib|ARM64.ActiveCfg = Release|x64
		{6B6C1F59-6A82-4097-8907-04DF5C95D014}.Debug-Lib|ARM64.Build.0 = Release|x64
		{6B6C1F59-6A82-4097-8907-04DF5C95D014}.Debug-Lib|x64.ActiveCfg = Debug|x64
		{6B6C1F59-6A82-4097-8907-04DF5C95D014}.Debug-Lib|x64.Build.0 = Debug|x64
		{6B6C1F59-6A82-4097-8907-04DF5C95D014}.Debug-Lib|x86.ActiveCfg = Debug|Win32
		{6B6C1F59-6A82-4097-8907-04DF5C95D014}.Debug-Lib|x86.Build.0 = Debug|Win32
		{6B6C1F59-6A82-4097-8907-04DF5C95D014}.Release|ARM.ActiveCfg = Release|ARM
		{6B6C1F59-6A82-4097-8907-04DF5C95D014}.Release|ARM.Build.0 = Release|ARM
		{6B6C1F59-6A82-4097-8907-04DF5C95D014}.Release|ARM64.ActiveCfg = Release|Win32
		{6B6C1F59-6A82-4097-8907-04DF5C95D014}.Release|x64.ActiveCfg = Release|x64
		{6B6C1F59-6A82-4097-8907-04DF5C95D014}.Release|x64.Build.0 = Release|x64
		{6B6C1F59-6A82-4097-8907-04DF5C95D014}.Release|x86.ActiveCfg = Release|Win32
		{6B6C1F59-6A82-4097-8907-04DF5C95D014}.Release|x86.Build.0 = Release|Win32
		{6B6C1F59-6A82-4097-8907-04DF5C95D014}.Release-Dll|ARM.ActiveCfg = Release|ARM
		{6B6C1F59-6A82-4097-8907-04DF5C95D014}.Release-Dll|ARM.Build.0 = Release|ARM
		{6B6C1F59-6A82-4097-8907-04DF5C95D014}.Release-Dll|ARM64.ActiveCfg = Release|x64
		{6B6C1F59-6A82-4097-8907-04DF5C95D014}.Release-Dll|ARM64.Build.0 = Release|x64
		{6B6C1F59-6A82-4097-8907-04DF5C95D014}.Release-Dll|x64.ActiveCfg = Release|x64
		{6B6C1F59-6A82-4097-8907-04DF5C95D014}.Release-Dll|x64.Build.0 = Release|x64
		{6B6C1F59-6A82-4097-8907-04DF5C95D014}.Release-Dll|x86.ActiveCfg = Release|Win32
		{6B6C1F59-6A82-4097-8907-04DF5C95D014}.Release-Dll|x86.Build.0 = Release|Win32
		{6B6C1F59-6A82-4097-8907-04DF5C95D014}.Release-Lib|ARM.ActiveCfg = Release|ARM
		{6B6C1F59-6A82-4097-8907-04DF5C95D014}.Release-Lib|ARM.Build.0 = Release|ARM
		{6B6C1F59-6A82-4097-8907-04DF5C95D014}.Release-Lib|ARM64.ActiveCfg = Release|x64
		{6B6C1F59-6A82-4097-8907-04DF5C95D014}.Release-Lib|ARM64.Build.0 = Release|x64
		{6B6C1F59-6A82-4097-8907-04DF5C95D014}.Release-Lib|x64.ActiveCfg = Release|x64
		{6B6C1F59-6A82-4097-8907-04DF5C95D014}.Release-Lib|x64.Build.0 = Release|x64
		{6B6C1F59-6A82-4097-8907-04DF5C95D014}.Release-Lib|x86.ActiveCfg = Release|Win32
		{6B6C1F59-6A82-4097-8907-04DF5C95D014}.Release-Lib|x86.Build.0 = Release|Win32
		{70EF3B8F-6AAF-401B-9818-3371E950E73C}.Debug|ARM.ActiveCfg = Debug|ARM
		{70EF3B8F-6AAF-401B-9818-3371E950E73C}.Debug|ARM.Build.0 = Debug|ARM
		{70EF3B8F-6AAF-401B-9818-3371E950E73C}.Debug|ARM64.ActiveCfg = Debug|Win32
		{70EF3B8F-6AAF-401B-9818-3371E950E73C}.Debug|x64.ActiveCfg = Debug|x64
		{70EF3B8F-6AAF-401B-9818-3371E950E73C}.Debug|x64.Build.0 = Debug|x64
		{70EF3B8F-6AAF-401B-9818-3371E950E73C}.Debug|x86.ActiveCfg = Debug|Win32
		{70EF3B8F-6AAF-401B-9818-3371E950E73C}.Debug|x86.Build.0 = Debug|Win32
		{70EF3B8F-6AAF-401B-9818-3371E950E73C}.Debug-Dll|ARM.ActiveCfg = Debug|ARM
		{70EF3B8F-6AAF-401B-9818-3371E950E73C}.Debug-Dll|ARM.Build.0 = Debug|ARM
		{70EF3B8F-6AAF-401B-9818-3371E950E73C}.Debug-Dll|ARM64.ActiveCfg = Release|x64
		{70EF3B8F-6AAF-401B-9818-3371E950E73C}.Debug-Dll|ARM64.Build.0 = Release|x64
		{70EF3B8F-6AAF-401B-9818-3371E950E73C}.Debug-Dll|x64.ActiveCfg = Debug|x64
		{70EF3B8F-6AAF-401B-9818-3371E950E73C}.Debug-Dll|x64.Build.0 = Debug|x64
		{70EF3B8F-6AAF-401B-9818-3371E950E73C}.Debug-Dll|x86.ActiveCfg = Debug|Win32
		{70EF3B8F-6AAF-401B-9818-3371E950E73C}.Debug-Dll|x86.Build.0 = Debug|Win32
		{70EF3B8F-6AAF-401B-9818-3371E950E73C}.Debug-Lib|ARM.ActiveCfg = Debug|ARM
		{70EF3B8F-6AAF-401B-9818-3371E950E73C}.Debug-Lib|ARM.Build.0 = Debug|ARM
		{70EF3B8F-6AAF-401B-9818-3371E950E73C}.Debug-Lib|ARM64.ActiveCfg = Release|x64
		{70EF3B8F-6AAF-401B-9818-3371E950E73C}.Debug-Lib|ARM64.Build.0 = Release|x64
		{70EF3B8F-6AAF-401B-9818-3371E950E73C}.Debug-Lib|x64.ActiveCfg = Debug|x64
		{70EF3B8F-6AAF-401B-9818-3371E950E73C}.Debug-Lib|x64.Build.0 = Debug|x64
		{70EF3B8F-6AAF-401B-9818-3371E950E73C}.Debug-Lib|x86.ActiveCfg = Debug|Win32
		{70EF3B8F-6AAF-401B-9818-3371E950E73C}.Debug-Lib|x86.Build.0 = Debug|Win32
		{70EF3B8F-6AAF-401B-9818-3371E950E73C}.Release|ARM.ActiveCfg = Release|ARM
		{70EF3B8F-6AAF-401B-9818-3371E950E73C}.Release|ARM.Build.0 = Release|ARM
		{70EF3B8F-6AAF-401B-9818-3371E950E73C}.Release|ARM64.ActiveCfg = Release|Win32
		{70EF3B8F-6AAF-401B-9818-3371E950E73C}.Release|x64.ActiveCfg = Release|x64
		{70EF3B8F-6AAF-401B-9818-3371E950E73C}.Release|x64.Build.0 = Release|x64
		{70EF3B8F-6AAF-401B-9818-3371E950E73C}.Release|x86.ActiveCfg = Release|Win32
		{70EF3B8F-6AAF-401B-9818-3371E950E73C}.Release|x86.Build.0 = Release|Win32
		{70EF3B8F-6AAF-401B-9818-3371E950E73C}.Release-Dll|ARM.ActiveCfg = Release|ARM
		{70EF3B8F-6AAF-401B-9818-3371E950E73C}.Release-Dll|ARM.Build.0 = Release|ARM
		{70EF3B8F-6AAF-401B-9818-3371E950E73C}.Release-Dll|ARM64.ActiveCfg = Release|x64
		{70EF3B8F-6AAF-401B-9818-3371E950E73C}.Release-Dll|ARM64.Build.0 = Release|x64
		{70EF3B8F-6AAF-401B-9818-3371E950E73C}.Release-Dll|x64.ActiveCfg = Release|x64
		{70EF3B8F-6AAF-401B-9818-3371E950E73C}.Release-Dll|x64.Build.0 = Release|x64
		{70EF3B8F-6AAF-401B-9818-3371E950E73C}.Release-Dll|x86.ActiveCfg = Release|Win32
		{70EF3B8F-6AAF-401B-9818-3371E950E73C}.Release-Dll|x86.Build.0 = Release|Win32
		{70EF3B8F-6AAF-401B-9818-3371E950E73C}.Release-Lib|ARM.ActiveCfg = Release|ARM
		{70EF3B8F-6AAF-401B-9818-3371E950E73C}.Release-Lib|ARM.Build.0 = Release|ARM
		{70EF3B8F-6AAF-401B-9818-3371E950E73C}.Release-Lib|ARM64.ActiveCfg = Release|x64
		{70EF3B8F-6AAF-401B-9818-3371E950E73C}.Release-Lib|ARM64.Build.0 = Release|x64
		{70EF3B8F-6AAF-401B-9818-3371E950E73C}.Release-Lib|x64.ActiveCfg = Release|x64
		{70EF3B8F-6AAF-401B-9818-3371E950E73C}.Release-Lib|x64.Build.0 = Release|x64
		{70EF3B8F-6AAF-401B-9818-3371E950E73C}.Release-Lib|x86.ActiveCfg = Release|Win32
		{70EF3B8F-6AAF-401B-9818-3371E950E73C}.Release-Lib|x86.Build.0 = Release|Win32
	EndGlobalSection
	GlobalSection(SolutionProperties) = preSolution
		HideSolutionNode = FALSE
	EndGlobalSection
	GlobalSection(ExtensibilityGlobals) = postSolution
		SolutionGuid = {93801628-282A-4422-A332-66B076AC71BC}
	EndGlobalSection
EndGlobal
